
Microsoft Visual Studio Solution File, Format Version 12.00
# Visual Studio Version 17
VisualStudioVersion = 17.3.32929.385
MinimumVisualStudioVersion = 10.0.40219.1
Project("{FAE04EC0-301F-11D3-BF4B-00C04F79EFBC}") = "ScratchPad", "ScratchPad\ScratchPad.csproj", "{8434A501-E40F-4B6B-BA84-E0A328E4CFA1}"
EndProject
Global
	GlobalSection(SolutionConfigurationPlatforms) = preSolution
		Debug|Any CPU = Debug|Any CPU
		Release|Any CPU = Release|Any CPU
	EndGlobalSection
	GlobalSection(ProjectConfigurationPlatforms) = postSolution
		{8434A501-E40F-4B6B-BA84-E0A328E4CFA1}.Debug|Any CPU.ActiveCfg = Debug|Any CPU
		{8434A501-E40F-4B6B-BA84-E0A328E4CFA1}.Debug|Any CPU.Build.0 = Debug|Any CPU
		{8434A501-E40F-4B6B-BA84-E0A328E4CFA1}.Release|Any CPU.ActiveCfg = Release|Any CPU
		{8434A501-E40F-4B6B-BA84-E0A328E4CFA1}.Release|Any CPU.Build.0 = Release|Any CPU
	EndGlobalSection
	GlobalSection(SolutionProperties) = preSolution
		HideSolutionNode = FALSE
	EndGlobalSection
	GlobalSection(ExtensibilityGlobals) = postSolution
		SolutionGuid = {FEBEF0B7-2995-4A65-AEF7-96B0CD73B11F}
	EndGlobalSection
EndGlobal
